
Microsoft Visual Studio Solution File, Format Version 11.00
# Visual Studio 2010
Project("{FAE04EC0-301F-11D3-BF4B-00C04F79EFBC}") = "LogHub.Server", "src\LogHub.Server\LogHub.Server.csproj", "{9B17311A-EA66-4BB3-A575-F3148734E791}"
EndProject
Project("{FAE04EC0-301F-11D3-BF4B-00C04F79EFBC}") = "LogHub.TestClient", "test\LogHub.TestClient\LogHub.TestClient.csproj", "{74C9D072-6FCA-4D26-8B06-78101518345C}"
EndProject
Global
	GlobalSection(SolutionConfigurationPlatforms) = preSolution
		Debug|Any CPU = Debug|Any CPU
		Debug|Mixed Platforms = Debug|Mixed Platforms
		Debug|x86 = Debug|x86
		Release|Any CPU = Release|Any CPU
		Release|Mixed Platforms = Release|Mixed Platforms
		Release|x86 = Release|x86
	EndGlobalSection
	GlobalSection(ProjectConfigurationPlatforms) = postSolution
		{9B17311A-EA66-4BB3-A575-F3148734E791}.Debug|Any CPU.ActiveCfg = Debug|Any CPU
		{9B17311A-EA66-4BB3-A575-F3148734E791}.Debug|Any CPU.Build.0 = Debug|Any CPU
		{9B17311A-EA66-4BB3-A575-F3148734E791}.Debug|Mixed Platforms.ActiveCfg = Debug|Any CPU
		{9B17311A-EA66-4BB3-A575-F3148734E791}.Debug|Mixed Platforms.Build.0 = Debug|Any CPU
		{9B17311A-EA66-4BB3-A575-F3148734E791}.Debug|x86.ActiveCfg = Debug|Any CPU
		{9B17311A-EA66-4BB3-A575-F3148734E791}.Release|Any CPU.ActiveCfg = Release|Any CPU
		{9B17311A-EA66-4BB3-A575-F3148734E791}.Release|Any CPU.Build.0 = Release|Any CPU
		{9B17311A-EA66-4BB3-A575-F3148734E791}.Release|Mixed Platforms.ActiveCfg = Release|Any CPU
		{9B17311A-EA66-4BB3-A575-F3148734E791}.Release|Mixed Platforms.Build.0 = Release|Any CPU
		{9B17311A-EA66-4BB3-A575-F3148734E791}.Release|x86.ActiveCfg = Release|Any CPU
		{74C9D072-6FCA-4D26-8B06-78101518345C}.Debug|Any CPU.ActiveCfg = Debug|x86
		{74C9D072-6FCA-4D26-8B06-78101518345C}.Debug|Mixed Platforms.ActiveCfg = Debug|x86
		{74C9D072-6FCA-4D26-8B06-78101518345C}.Debug|Mixed Platforms.Build.0 = Debug|x86
		{74C9D072-6FCA-4D26-8B06-78101518345C}.Debug|x86.ActiveCfg = Debug|x86
		{74C9D072-6FCA-4D26-8B06-78101518345C}.Debug|x86.Build.0 = Debug|x86
		{74C9D072-6FCA-4D26-8B06-78101518345C}.Release|Any CPU.ActiveCfg = Release|x86
		{74C9D072-6FCA-4D26-8B06-78101518345C}.Release|Mixed Platforms.ActiveCfg = Release|x86
		{74C9D072-6FCA-4D26-8B06-78101518345C}.Release|Mixed Platforms.Build.0 = Release|x86
		{74C9D072-6FCA-4D26-8B06-78101518345C}.Release|x86.ActiveCfg = Release|x86
		{74C9D072-6FCA-4D26-8B06-78101518345C}.Release|x86.Build.0 = Release|x86
	EndGlobalSection
	GlobalSection(SolutionProperties) = preSolution
		HideSolutionNode = FALSE
	EndGlobalSection
EndGlobal
